
Microsoft Visual Studio Solution File, Format Version 12.00
# Visual Studio 2013
VisualStudioVersion = 12.0.20827.3
MinimumVisualStudioVersion = 10.0.40219.1
Project("{FAE04EC0-301F-11D3-BF4B-00C04F79EFBC}") = "BookmakerProject", "Bookmaker-Project\BookmakerProject.csproj", "{233063E2-F7D3-4FDE-A838-18AC1B3CEEB1}"
EndProject
Project("{FAE04EC0-301F-11D3-BF4B-00C04F79EFBC}") = "Client", "Client\Client.csproj", "{DDCDEA86-05BF-4658-B66B-13865E16CF96}"
EndProject
Global
	GlobalSection(SolutionConfigurationPlatforms) = preSolution
		Debug|Any CPU = Debug|Any CPU
		Release|Any CPU = Release|Any CPU
	EndGlobalSection
	GlobalSection(ProjectConfigurationPlatforms) = postSolution
		{233063E2-F7D3-4FDE-A838-18AC1B3CEEB1}.Debug|Any CPU.ActiveCfg = Debug|Any CPU
		{233063E2-F7D3-4FDE-A838-18AC1B3CEEB1}.Debug|Any CPU.Build.0 = Debug|Any CPU
		{233063E2-F7D3-4FDE-A838-18AC1B3CEEB1}.Release|Any CPU.ActiveCfg = Release|Any CPU
		{233063E2-F7D3-4FDE-A838-18AC1B3CEEB1}.Release|Any CPU.Build.0 = Release|Any CPU
		{DDCDEA86-05BF-4658-B66B-13865E16CF96}.Debug|Any CPU.ActiveCfg = Debug|Any CPU
		{DDCDEA86-05BF-4658-B66B-13865E16CF96}.Debug|Any CPU.Build.0 = Debug|Any CPU
		{DDCDEA86-05BF-4658-B66B-13865E16CF96}.Release|Any CPU.ActiveCfg = Release|Any CPU
		{DDCDEA86-05BF-4658-B66B-13865E16CF96}.Release|Any CPU.Build.0 = Release|Any CPU
	EndGlobalSection
	GlobalSection(SolutionProperties) = preSolution
		HideSolutionNode = FALSE
	EndGlobalSection
EndGlobal
